Microsoft Visual Studio Solution File, Format Version 8.00
Project("{54435603-DBB4-11D2-8724-00A0C9A8B90C}") = "VennDiagramPlotterInstaller", "VennDiagramPlotter_Installer.vdproj", "{D54BD0ED-DF62-497E-AE21-7C3293107542}"
	ProjectSection(ProjectDependencies) = postProject
	EndProjectSection
EndProject
Project("{F184B08F-C81C-45F6-A57F-5ABD9991F28F}") = "VennDiagrams", "..\VennDiagrams\VennDiagrams.vbproj", "{308B6221-0D87-4843-977D-47F63B3EA38A}"
	ProjectSection(ProjectDependencies) = postProject
	EndProjectSection
EndProject
Project("{F184B08F-C81C-45F6-A57F-5ABD9991F28F}") = "VennDiagramPlotter", "..\VennDiagramPlotter.vbproj", "{F1B459AE-74D5-4F1E-BED0-62D126944218}"
	ProjectSection(ProjectDependencies) = postProject
	EndProjectSection
EndProject
Project("{F184B08F-C81C-45F6-A57F-5ABD9991F28F}") = "ControlPrinter", "..\ControlPrinter\ControlPrinter.vbproj", "{827331C0-0D9C-4AAA-A984-ADE4EE059C18}"
	ProjectSection(ProjectDependencies) = postProject
	EndProjectSection
EndProject
Global
	GlobalSection(SolutionConfiguration) = preSolution
		Debug = Debug
		Release = Release
	EndGlobalSection
	GlobalSection(ProjectConfiguration) = postSolution
		{D54BD0ED-DF62-497E-AE21-7C3293107542}.Debug.ActiveCfg = Debug
		{D54BD0ED-DF62-497E-AE21-7C3293107542}.Debug.Build.0 = Debug
		{D54BD0ED-DF62-497E-AE21-7C3293107542}.Release.ActiveCfg = Release
		{D54BD0ED-DF62-497E-AE21-7C3293107542}.Release.Build.0 = Release
		{308B6221-0D87-4843-977D-47F63B3EA38A}.Debug.ActiveCfg = Debug|.NET
		{308B6221-0D87-4843-977D-47F63B3EA38A}.Debug.Build.0 = Debug|.NET
		{308B6221-0D87-4843-977D-47F63B3EA38A}.Release.ActiveCfg = Release|.NET
		{308B6221-0D87-4843-977D-47F63B3EA38A}.Release.Build.0 = Release|.NET
		{F1B459AE-74D5-4F1E-BED0-62D126944218}.Debug.ActiveCfg = Debug|.NET
		{F1B459AE-74D5-4F1E-BED0-62D126944218}.Debug.Build.0 = Debug|.NET
		{F1B459AE-74D5-4F1E-BED0-62D126944218}.Release.ActiveCfg = Release|.NET
		{F1B459AE-74D5-4F1E-BED0-62D126944218}.Release.Build.0 = Release|.NET
		{827331C0-0D9C-4AAA-A984-ADE4EE059C18}.Debug.ActiveCfg = Debug|.NET
		{827331C0-0D9C-4AAA-A984-ADE4EE059C18}.Debug.Build.0 = Debug|.NET
		{827331C0-0D9C-4AAA-A984-ADE4EE059C18}.Release.ActiveCfg = Release|.NET
		{827331C0-0D9C-4AAA-A984-ADE4EE059C18}.Release.Build.0 = Release|.NET
	EndGlobalSection
	GlobalSection(ExtensibilityGlobals) = postSolution
	EndGlobalSection
	GlobalSection(ExtensibilityAddIns) = postSolution
	EndGlobalSection
EndGlobal
